
Microsoft Visual Studio Solution File, Format Version 12.00
# Visual Studio Version 17
VisualStudioVersion = 17.4.33213.308
MinimumVisualStudioVersion = 10.0.40219.1
Project("{9A19103F-16F7-4668-BE54-9A1E7A4F7556}") = "HolaMundo", "HolaMundo\HolaMundo.csproj", "{9748FF47-B142-4016-8F75-98DAF7A3212E}"
EndProject
Project("{9A19103F-16F7-4668-BE54-9A1E7A4F7556}") = "HolaMundo_2", "HolaMundo_2\HolaMundo_2.csproj", "{4AFA26AF-1713-4F71-BA52-7FB56D741705}"
EndProject
Project("{9A19103F-16F7-4668-BE54-9A1E7A4F7556}") = "Calculator", "Calculator\Calculator.csproj", "{5637B0AF-1764-4A0F-BAF5-3DBEF1362D24}"
EndProject
Project("{9A19103F-16F7-4668-BE54-9A1E7A4F7556}") = "ConcatExample", "ConcatExample\ConcatExample.csproj", "{CA579DED-BD64-4871-B3A3-F001EF24880C}"
EndProject
Project("{9A19103F-16F7-4668-BE54-9A1E7A4F7556}") = "Objetos", "Objetos\Objetos.csproj", "{0CDF9CB5-707B-423B-9BCE-A23E253E0793}"
EndProject
Project("{9A19103F-16F7-4668-BE54-9A1E7A4F7556}") = "UserManagement", "UserManagement\UserManagement.csproj", "{4CE2EFEA-B3A2-4C32-93A4-CE4DE7C9E788}"
EndProject
Project("{2150E333-8FDC-42A3-9474-1A3956D46DE8}") = "Ejercicios", "Ejercicios", "{4A7DF0F0-AD77-4C94-8FF0-D93360006D47}"
EndProject
Project("{2150E333-8FDC-42A3-9474-1A3956D46DE8}") = "APIs", "APIs", "{DBA9B22E-1BCE-46EE-A35E-F88F1A0D3818}"
EndProject
Project("{2150E333-8FDC-42A3-9474-1A3956D46DE8}") = "BusinessLogic", "BusinessLogic", "{962E5823-B107-4FC3-A728-FCE1DF375B89}"
EndProject
Project("{2150E333-8FDC-42A3-9474-1A3956D46DE8}") = "Console", "Console", "{72A87157-B725-4008-8CD0-BDFA98FB68D7}"
EndProject
Project("{2150E333-8FDC-42A3-9474-1A3956D46DE8}") = "DataAccess", "DataAccess", "{C3D8CA0F-ED01-41FC-8F3C-E16406BEED80}"
EndProject
Project("{2150E333-8FDC-42A3-9474-1A3956D46DE8}") = "Shared", "Shared", "{9B04D097-293C-410F-AD74-2FB59D2E3A7C}"
EndProject
Project("{9A19103F-16F7-4668-BE54-9A1E7A4F7556}") = "Finanzas.CursoVisualStudio.Shared.DTOs", "Shared\Finanzas.CursoVisualStudio.Shared.DTOs\Finanzas.CursoVisualStudio.Shared.DTOs.csproj", "{E8C6E7B7-CEC5-402D-9AAF-4DF6CA060FC3}"
EndProject
Project("{9A19103F-16F7-4668-BE54-9A1E7A4F7556}") = "Finanzas.CursoVisualStudio.BusinessLogic.UserManagement", "BusinessLogic\Finanzas.CursoVisualStudio.BusinessLogic.UserManagement\Finanzas.CursoVisualStudio.BusinessLogic.UserManagement.csproj", "{E33541B1-ED9A-48E3-A680-1A3A9E9A3AD7}"
EndProject
Project("{9A19103F-16F7-4668-BE54-9A1E7A4F7556}") = "Finanzas.CursoVisualStudio.DataAccess.Repositories", "DataAccess\Finanzas.CursoVisualStudio.DataAccess.Repositories\Finanzas.CursoVisualStudio.DataAccess.Repositories.csproj", "{9087DDA1-7BEA-4F84-A4DA-CAF04A3650EF}"
EndProject
Project("{9A19103F-16F7-4668-BE54-9A1E7A4F7556}") = "Finanzas.CursoVisualStudio.APIs.UserManagementAPI", "APIs\Finanzas.CursoVisualStudio.APIs.UserManagementAPI\Finanzas.CursoVisualStudio.APIs.UserManagementAPI.csproj", "{BB6DA71C-7E98-4691-BFF6-4AF2B6ADB15D}"
EndProject
Project("{9A19103F-16F7-4668-BE54-9A1E7A4F7556}") = "Finanzas.CursoVisualStudio.Shared.Utilities", "Shared\Finanzas.CursoVisualStudio.Shared.Utilities\Finanzas.CursoVisualStudio.Shared.Utilities.csproj", "{2B63B9A8-7419-4BE6-80E3-3795C5E34E9B}"
EndProject
Project("{9A19103F-16F7-4668-BE54-9A1E7A4F7556}") = "Finanzas.CursoVisualStudio.DataAccess.SQLDatabase", "DataAccess\Finanzas.CursoVisualStudio.DataAccess.SQLDatabase\Finanzas.CursoVisualStudio.DataAccess.SQLDatabase.csproj", "{9B949C51-69E8-44C1-ACB5-61AFFE61D448}"
EndProject
Project("{FAE04EC0-301F-11D3-BF4B-00C04F79EFBC}") = "Finanzas.CursoVisualStudio.Console.DatabaseAccess", "Console\Finanzas.CursoVisualStudio.Console.DatabaseAccess\Finanzas.CursoVisualStudio.Console.DatabaseAccess.csproj", "{AEDED20A-F1F4-404D-8097-7D38FABC31EC}"
EndProject
Global
	GlobalSection(SolutionConfigurationPlatforms) = preSolution
		Debug|Any CPU = Debug|Any CPU
		Release|Any CPU = Release|Any CPU
	EndGlobalSection
	GlobalSection(ProjectConfigurationPlatforms) = postSolution
		{9748FF47-B142-4016-8F75-98DAF7A3212E}.Debug|Any CPU.ActiveCfg = Debug|Any CPU
		{9748FF47-B142-4016-8F75-98DAF7A3212E}.Debug|Any CPU.Build.0 = Debug|Any CPU
		{9748FF47-B142-4016-8F75-98DAF7A3212E}.Release|Any CPU.ActiveCfg = Release|Any CPU
		{9748FF47-B142-4016-8F75-98DAF7A3212E}.Release|Any CPU.Build.0 = Release|Any CPU
		{4AFA26AF-1713-4F71-BA52-7FB56D741705}.Debug|Any CPU.ActiveCfg = Debug|Any CPU
		{4AFA26AF-1713-4F71-BA52-7FB56D741705}.Debug|Any CPU.Build.0 = Debug|Any CPU
		{4AFA26AF-1713-4F71-BA52-7FB56D741705}.Release|Any CPU.ActiveCfg = Release|Any CPU
		{4AFA26AF-1713-4F71-BA52-7FB56D741705}.Release|Any CPU.Build.0 = Release|Any CPU
		{5637B0AF-1764-4A0F-BAF5-3DBEF1362D24}.Debug|Any CPU.ActiveCfg = Debug|Any CPU
		{5637B0AF-1764-4A0F-BAF5-3DBEF1362D24}.Debug|Any CPU.Build.0 = Debug|Any CPU
		{5637B0AF-1764-4A0F-BAF5-3DBEF1362D24}.Release|Any CPU.ActiveCfg = Release|Any CPU
		{5637B0AF-1764-4A0F-BAF5-3DBEF1362D24}.Release|Any CPU.Build.0 = Release|Any CPU
		{CA579DED-BD64-4871-B3A3-F001EF24880C}.Debug|Any CPU.ActiveCfg = Debug|Any CPU
		{CA579DED-BD64-4871-B3A3-F001EF24880C}.Debug|Any CPU.Build.0 = Debug|Any CPU
		{CA579DED-BD64-4871-B3A3-F001EF24880C}.Release|Any CPU.ActiveCfg = Release|Any CPU
		{CA579DED-BD64-4871-B3A3-F001EF24880C}.Release|Any CPU.Build.0 = Release|Any CPU
		{0CDF9CB5-707B-423B-9BCE-A23E253E0793}.Debug|Any CPU.ActiveCfg = Debug|Any CPU
		{0CDF9CB5-707B-423B-9BCE-A23E253E0793}.Debug|Any CPU.Build.0 = Debug|Any CPU
		{0CDF9CB5-707B-423B-9BCE-A23E253E0793}.Release|Any CPU.ActiveCfg = Release|Any CPU
		{0CDF9CB5-707B-423B-9BCE-A23E253E0793}.Release|Any CPU.Build.0 = Release|Any CPU
		{4CE2EFEA-B3A2-4C32-93A4-CE4DE7C9E788}.Debug|Any CPU.ActiveCfg = Debug|Any CPU
		{4CE2EFEA-B3A2-4C32-93A4-CE4DE7C9E788}.Debug|Any CPU.Build.0 = Debug|Any CPU
		{4CE2EFEA-B3A2-4C32-93A4-CE4DE7C9E788}.Release|Any CPU.ActiveCfg = Release|Any CPU
		{4CE2EFEA-B3A2-4C32-93A4-CE4DE7C9E788}.Release|Any CPU.Build.0 = Release|Any CPU
		{E8C6E7B7-CEC5-402D-9AAF-4DF6CA060FC3}.Debug|Any CPU.ActiveCfg = Debug|Any CPU
		{E8C6E7B7-CEC5-402D-9AAF-4DF6CA060FC3}.Debug|Any CPU.Build.0 = Debug|Any CPU
		{E8C6E7B7-CEC5-402D-9AAF-4DF6CA060FC3}.Release|Any CPU.ActiveCfg = Release|Any CPU
		{E8C6E7B7-CEC5-402D-9AAF-4DF6CA060FC3}.Release|Any CPU.Build.0 = Release|Any CPU
		{E33541B1-ED9A-48E3-A680-1A3A9E9A3AD7}.Debug|Any CPU.ActiveCfg = Debug|Any CPU
		{E33541B1-ED9A-48E3-A680-1A3A9E9A3AD7}.Debug|Any CPU.Build.0 = Debug|Any CPU
		{E33541B1-ED9A-48E3-A680-1A3A9E9A3AD7}.Release|Any CPU.ActiveCfg = Release|Any CPU
		{E33541B1-ED9A-48E3-A680-1A3A9E9A3AD7}.Release|Any CPU.Build.0 = Release|Any CPU
		{9087DDA1-7BEA-4F84-A4DA-CAF04A3650EF}.Debug|Any CPU.ActiveCfg = Debug|Any CPU
		{9087DDA1-7BEA-4F84-A4DA-CAF04A3650EF}.Debug|Any CPU.Build.0 = Debug|Any CPU
		{9087DDA1-7BEA-4F84-A4DA-CAF04A3650EF}.Release|Any CPU.ActiveCfg = Release|Any CPU
		{9087DDA1-7BEA-4F84-A4DA-CAF04A3650EF}.Release|Any CPU.Build.0 = Release|Any CPU
		{BB6DA71C-7E98-4691-BFF6-4AF2B6ADB15D}.Debug|Any CPU.ActiveCfg = Debug|Any CPU
		{BB6DA71C-7E98-4691-BFF6-4AF2B6ADB15D}.Debug|Any CPU.Build.0 = Debug|Any CPU
		{BB6DA71C-7E98-4691-BFF6-4AF2B6ADB15D}.Release|Any CPU.ActiveCfg = Release|Any CPU
		{BB6DA71C-7E98-4691-BFF6-4AF2B6ADB15D}.Release|Any CPU.Build.0 = Release|Any CPU
		{2B63B9A8-7419-4BE6-80E3-3795C5E34E9B}.Debug|Any CPU.ActiveCfg = Debug|Any CPU
		{2B63B9A8-7419-4BE6-80E3-3795C5E34E9B}.Debug|Any CPU.Build.0 = Debug|Any CPU
		{2B63B9A8-7419-4BE6-80E3-3795C5E34E9B}.Release|Any CPU.ActiveCfg = Release|Any CPU
		{2B63B9A8-7419-4BE6-80E3-3795C5E34E9B}.Release|Any CPU.Build.0 = Release|Any CPU
		{9B949C51-69E8-44C1-ACB5-61AFFE61D448}.Debug|Any CPU.ActiveCfg = Debug|Any CPU
		{9B949C51-69E8-44C1-ACB5-61AFFE61D448}.Debug|Any CPU.Build.0 = Debug|Any CPU
		{9B949C51-69E8-44C1-ACB5-61AFFE61D448}.Release|Any CPU.ActiveCfg = Release|Any CPU
		{9B949C51-69E8-44C1-ACB5-61AFFE61D448}.Release|Any CPU.Build.0 = Release|Any CPU
		{AEDED20A-F1F4-404D-8097-7D38FABC31EC}.Debug|Any CPU.ActiveCfg = Debug|Any CPU
		{AEDED20A-F1F4-404D-8097-7D38FABC31EC}.Debug|Any CPU.Build.0 = Debug|Any CPU
		{AEDED20A-F1F4-404D-8097-7D38FABC31EC}.Release|Any CPU.ActiveCfg = Release|Any CPU
		{AEDED20A-F1F4-404D-8097-7D38FABC31EC}.Release|Any CPU.Build.0 = Release|Any CPU
	EndGlobalSection
	GlobalSection(SolutionProperties) = preSolution
		HideSolutionNode = FALSE
	EndGlobalSection
	GlobalSection(NestedProjects) = preSolution
		{9748FF47-B142-4016-8F75-98DAF7A3212E} = {4A7DF0F0-AD77-4C94-8FF0-D93360006D47}
		{4AFA26AF-1713-4F71-BA52-7FB56D741705} = {4A7DF0F0-AD77-4C94-8FF0-D93360006D47}
		{5637B0AF-1764-4A0F-BAF5-3DBEF1362D24} = {4A7DF0F0-AD77-4C94-8FF0-D93360006D47}
		{CA579DED-BD64-4871-B3A3-F001EF24880C} = {4A7DF0F0-AD77-4C94-8FF0-D93360006D47}
		{0CDF9CB5-707B-423B-9BCE-A23E253E0793} = {4A7DF0F0-AD77-4C94-8FF0-D93360006D47}
		{4CE2EFEA-B3A2-4C32-93A4-CE4DE7C9E788} = {4A7DF0F0-AD77-4C94-8FF0-D93360006D47}
		{E8C6E7B7-CEC5-402D-9AAF-4DF6CA060FC3} = {9B04D097-293C-410F-AD74-2FB59D2E3A7C}
		{E33541B1-ED9A-48E3-A680-1A3A9E9A3AD7} = {962E5823-B107-4FC3-A728-FCE1DF375B89}
		{9087DDA1-7BEA-4F84-A4DA-CAF04A3650EF} = {C3D8CA0F-ED01-41FC-8F3C-E16406BEED80}
		{BB6DA71C-7E98-4691-BFF6-4AF2B6ADB15D} = {DBA9B22E-1BCE-46EE-A35E-F88F1A0D3818}
		{2B63B9A8-7419-4BE6-80E3-3795C5E34E9B} = {9B04D097-293C-410F-AD74-2FB59D2E3A7C}
		{9B949C51-69E8-44C1-ACB5-61AFFE61D448} = {C3D8CA0F-ED01-41FC-8F3C-E16406BEED80}
		{AEDED20A-F1F4-404D-8097-7D38FABC31EC} = {72A87157-B725-4008-8CD0-BDFA98FB68D7}
	EndGlobalSection
	GlobalSection(ExtensibilityGlobals) = postSolution
		SolutionGuid = {DBA3FDC8-99E9-474D-A2D0-BE52B595F73E}
	EndGlobalSection
EndGlobal
